
Microsoft Visual Studio Solution File, Format Version 12.00
# Visual Studio Version 16
VisualStudioVersion = 16.0.31729.503
MinimumVisualStudioVersion = 10.0.40219.1
Project("{9A19103F-16F7-4668-BE54-9A1E7A4F7556}") = "Rawdata_Porfolio_2", "Rawdata_Porfolio_2\Rawdata_Porfolio_2.csproj", "{D443E927-30B4-4331-8E61-243C1ED7C1F4}"
EndProject
Project("{9A19103F-16F7-4668-BE54-9A1E7A4F7556}") = "Webservice", "Webservice\Webservice.csproj", "{903C8644-69E6-44AE-8297-FDE67FEC24D4}"
EndProject
Global
	GlobalSection(SolutionConfigurationPlatforms) = preSolution
		Debug|Any CPU = Debug|Any CPU
		Release|Any CPU = Release|Any CPU
	EndGlobalSection
	GlobalSection(ProjectConfigurationPlatforms) = postSolution
		{D443E927-30B4-4331-8E61-243C1ED7C1F4}.Debug|Any CPU.ActiveCfg = Debug|Any CPU
		{D443E927-30B4-4331-8E61-243C1ED7C1F4}.Debug|Any CPU.Build.0 = Debug|Any CPU
		{D443E927-30B4-4331-8E61-243C1ED7C1F4}.Release|Any CPU.ActiveCfg = Release|Any CPU
		{D443E927-30B4-4331-8E61-243C1ED7C1F4}.Release|Any CPU.Build.0 = Release|Any CPU
		{903C8644-69E6-44AE-8297-FDE67FEC24D4}.Debug|Any CPU.ActiveCfg = Debug|Any CPU
		{903C8644-69E6-44AE-8297-FDE67FEC24D4}.Debug|Any CPU.Build.0 = Debug|Any CPU
		{903C8644-69E6-44AE-8297-FDE67FEC24D4}.Release|Any CPU.ActiveCfg = Release|Any CPU
		{903C8644-69E6-44AE-8297-FDE67FEC24D4}.Release|Any CPU.Build.0 = Release|Any CPU
	EndGlobalSection
	GlobalSection(SolutionProperties) = preSolution
		HideSolutionNode = FALSE
	EndGlobalSection
	GlobalSection(ExtensibilityGlobals) = postSolution
		SolutionGuid = {E2C62D9D-3A58-4F96-90CE-EE472AE3F929}
	EndGlobalSection
EndGlobal
